
Microsoft Visual Studio Solution File, Format Version 12.00
# Visual Studio 2013
VisualStudioVersion = 12.0.31101.0
MinimumVisualStudioVersion = 10.0.40219.1
Project("{FAE04EC0-301F-11D3-BF4B-00C04F79EFBC}") = "WebApiFun", "WebApiFun\WebApiFun.csproj", "{6C95CEE6-17B7-4267-A999-C847B098198F}"
EndProject
Project("{FAE04EC0-301F-11D3-BF4B-00C04F79EFBC}") = "WebApiFun.Models", "WebApiFun.Models\WebApiFun.Models.csproj", "{333B8C81-1E1E-4035-9215-86D897E6F896}"
EndProject
Project("{FAE04EC0-301F-11D3-BF4B-00C04F79EFBC}") = "WebApiFun.Data", "WebApiFun.Data\WebApiFun.Data.csproj", "{A76A5AFB-F6B4-4AE7-8DFC-C70ED91D095C}"
EndProject
Global
	GlobalSection(SolutionConfigurationPlatforms) = preSolution
		Debug|Any CPU = Debug|Any CPU
		Release|Any CPU = Release|Any CPU
	EndGlobalSection
	GlobalSection(ProjectConfigurationPlatforms) = postSolution
		{6C95CEE6-17B7-4267-A999-C847B098198F}.Debug|Any CPU.ActiveCfg = Debug|Any CPU
		{6C95CEE6-17B7-4267-A999-C847B098198F}.Debug|Any CPU.Build.0 = Debug|Any CPU
		{6C95CEE6-17B7-4267-A999-C847B098198F}.Release|Any CPU.ActiveCfg = Release|Any CPU
		{6C95CEE6-17B7-4267-A999-C847B098198F}.Release|Any CPU.Build.0 = Release|Any CPU
		{333B8C81-1E1E-4035-9215-86D897E6F896}.Debug|Any CPU.ActiveCfg = Debug|Any CPU
		{333B8C81-1E1E-4035-9215-86D897E6F896}.Debug|Any CPU.Build.0 = Debug|Any CPU
		{333B8C81-1E1E-4035-9215-86D897E6F896}.Release|Any CPU.ActiveCfg = Release|Any CPU
		{333B8C81-1E1E-4035-9215-86D897E6F896}.Release|Any CPU.Build.0 = Release|Any CPU
		{A76A5AFB-F6B4-4AE7-8DFC-C70ED91D095C}.Debug|Any CPU.ActiveCfg = Debug|Any CPU
		{A76A5AFB-F6B4-4AE7-8DFC-C70ED91D095C}.Debug|Any CPU.Build.0 = Debug|Any CPU
		{A76A5AFB-F6B4-4AE7-8DFC-C70ED91D095C}.Release|Any CPU.ActiveCfg = Release|Any CPU
		{A76A5AFB-F6B4-4AE7-8DFC-C70ED91D095C}.Release|Any CPU.Build.0 = Release|Any CPU
	EndGlobalSection
	GlobalSection(SolutionProperties) = preSolution
		HideSolutionNode = FALSE
	EndGlobalSection
EndGlobal
